
Microsoft Visual Studio Solution File, Format Version 12.00
# Visual Studio 14
VisualStudioVersion = 14.0.25420.1
MinimumVisualStudioVersion = 10.0.40219.1
Project("{FAE04EC0-301F-11D3-BF4B-00C04F79EFBC}") = "Task1", "Task1\Task1.csproj", "{9B0CAA95-888B-436F-9205-CF614CEDDF86}"
EndProject
Project("{FAE04EC0-301F-11D3-BF4B-00C04F79EFBC}") = "IndexerTest", "IndexerTest\IndexerTest.csproj", "{2D742574-FCE1-4134-AC8C-8299E920E23E}"
EndProject
Project("{8BC9CEB8-8B4A-11D0-8D11-00A0C91BC942}") = "Task1(C++)", "Task1(C++)\Task1(C++).vcxproj", "{DF88F91C-7080-4497-96E3-BDC182F4A381}"
EndProject
Project("{8BC9CEB8-8B4A-11D0-8D11-00A0C91BC942}") = "IndexerTest(C++)", "IndexerTest(C++)\IndexerTest(C++).vcxproj", "{3210C876-0D6D-4A67-B5D5-D4304489CCA3}"
EndProject
Project("{FAE04EC0-301F-11D3-BF4B-00C04F79EFBC}") = "Task2", "Task2\Task2.csproj", "{7F8BFB29-8CC4-4637-A360-BF8F930047C2}"
EndProject
Project("{FAE04EC0-301F-11D3-BF4B-00C04F79EFBC}") = "SystemOfLinearEquationTest", "SystemOfLinearEquationTest\SystemOfLinearEquationTest.csproj", "{595E616A-F3D7-42C5-8BEE-33A3433046DA}"
EndProject
Project("{FAE04EC0-301F-11D3-BF4B-00C04F79EFBC}") = "LinearEquationTest", "LinearEquationTest\LinearEquationTest.csproj", "{BFAFD120-98EF-4EBE-9B9D-D1A77CC358EC}"
EndProject
Project("{8BC9CEB8-8B4A-11D0-8D11-00A0C91BC942}") = "Task2(C++)", "Task2(C++)\Task2(C++).vcxproj", "{5E09D8F6-211F-4033-B124-9276109DD79A}"
EndProject
Project("{8BC9CEB8-8B4A-11D0-8D11-00A0C91BC942}") = "LinearEquationTest(C++)", "LinearEquationTest(C++)\LinearEquationTest(C++).vcxproj", "{5A37BDB4-378C-49B4-8371-D0C15BC50549}"
EndProject
Project("{8BC9CEB8-8B4A-11D0-8D11-00A0C91BC942}") = "SystemOfLinearEquationTest(C++)", "SystemOfLinearEquationTest(C++)\SystemOfLinearEquationTest(C++).vcxproj", "{3636A0FC-A5CF-402A-A5F6-7B59DAA70DA6}"
EndProject
Global
	GlobalSection(SolutionConfigurationPlatforms) = preSolution
		Debug|Any CPU = Debug|Any CPU
		Debug|x64 = Debug|x64
		Debug|x86 = Debug|x86
		Release|Any CPU = Release|Any CPU
		Release|x64 = Release|x64
		Release|x86 = Release|x86
	EndGlobalSection
	GlobalSection(ProjectConfigurationPlatforms) = postSolution
		{9B0CAA95-888B-436F-9205-CF614CEDDF86}.Debug|Any CPU.ActiveCfg = Debug|Any CPU
		{9B0CAA95-888B-436F-9205-CF614CEDDF86}.Debug|Any CPU.Build.0 = Debug|Any CPU
		{9B0CAA95-888B-436F-9205-CF614CEDDF86}.Debug|x64.ActiveCfg = Debug|Any CPU
		{9B0CAA95-888B-436F-9205-CF614CEDDF86}.Debug|x64.Build.0 = Debug|Any CPU
		{9B0CAA95-888B-436F-9205-CF614CEDDF86}.Debug|x86.ActiveCfg = Debug|Any CPU
		{9B0CAA95-888B-436F-9205-CF614CEDDF86}.Debug|x86.Build.0 = Debug|Any CPU
		{9B0CAA95-888B-436F-9205-CF614CEDDF86}.Release|Any CPU.ActiveCfg = Release|Any CPU
		{9B0CAA95-888B-436F-9205-CF614CEDDF86}.Release|Any CPU.Build.0 = Release|Any CPU
		{9B0CAA95-888B-436F-9205-CF614CEDDF86}.Release|x64.ActiveCfg = Release|Any CPU
		{9B0CAA95-888B-436F-9205-CF614CEDDF86}.Release|x64.Build.0 = Release|Any CPU
		{9B0CAA95-888B-436F-9205-CF614CEDDF86}.Release|x86.ActiveCfg = Release|Any CPU
		{9B0CAA95-888B-436F-9205-CF614CEDDF86}.Release|x86.Build.0 = Release|Any CPU
		{2D742574-FCE1-4134-AC8C-8299E920E23E}.Debug|Any CPU.ActiveCfg = Debug|Any CPU
		{2D742574-FCE1-4134-AC8C-8299E920E23E}.Debug|Any CPU.Build.0 = Debug|Any CPU
		{2D742574-FCE1-4134-AC8C-8299E920E23E}.Debug|x64.ActiveCfg = Debug|Any CPU
		{2D742574-FCE1-4134-AC8C-8299E920E23E}.Debug|x64.Build.0 = Debug|Any CPU
		{2D742574-FCE1-4134-AC8C-8299E920E23E}.Debug|x86.ActiveCfg = Debug|Any CPU
		{2D742574-FCE1-4134-AC8C-8299E920E23E}.Debug|x86.Build.0 = Debug|Any CPU
		{2D742574-FCE1-4134-AC8C-8299E920E23E}.Release|Any CPU.ActiveCfg = Release|Any CPU
		{2D742574-FCE1-4134-AC8C-8299E920E23E}.Release|Any CPU.Build.0 = Release|Any CPU
		{2D742574-FCE1-4134-AC8C-8299E920E23E}.Release|x64.ActiveCfg = Release|Any CPU
		{2D742574-FCE1-4134-AC8C-8299E920E23E}.Release|x64.Build.0 = Release|Any CPU
		{2D742574-FCE1-4134-AC8C-8299E920E23E}.Release|x86.ActiveCfg = Release|Any CPU
		{2D742574-FCE1-4134-AC8C-8299E920E23E}.Release|x86.Build.0 = Release|Any CPU
		{DF88F91C-7080-4497-96E3-BDC182F4A381}.Debug|Any CPU.ActiveCfg = Debug|Win32
		{DF88F91C-7080-4497-96E3-BDC182F4A381}.Debug|x64.ActiveCfg = Debug|x64
		{DF88F91C-7080-4497-96E3-BDC182F4A381}.Debug|x64.Build.0 = Debug|x64
		{DF88F91C-7080-4497-96E3-BDC182F4A381}.Debug|x86.ActiveCfg = Debug|Win32
		{DF88F91C-7080-4497-96E3-BDC182F4A381}.Debug|x86.Build.0 = Debug|Win32
		{DF88F91C-7080-4497-96E3-BDC182F4A381}.Release|Any CPU.ActiveCfg = Release|Win32
		{DF88F91C-7080-4497-96E3-BDC182F4A381}.Release|x64.ActiveCfg = Release|x64
		{DF88F91C-7080-4497-96E3-BDC182F4A381}.Release|x64.Build.0 = Release|x64
		{DF88F91C-7080-4497-96E3-BDC182F4A381}.Release|x86.ActiveCfg = Release|Win32
		{DF88F91C-7080-4497-96E3-BDC182F4A381}.Release|x86.Build.0 = Release|Win32
		{3210C876-0D6D-4A67-B5D5-D4304489CCA3}.Debug|Any CPU.ActiveCfg = Debug|Win32
		{3210C876-0D6D-4A67-B5D5-D4304489CCA3}.Debug|x64.ActiveCfg = Debug|x64
		{3210C876-0D6D-4A67-B5D5-D4304489CCA3}.Debug|x64.Build.0 = Debug|x64
		{3210C876-0D6D-4A67-B5D5-D4304489CCA3}.Debug|x86.ActiveCfg = Debug|Win32
		{3210C876-0D6D-4A67-B5D5-D4304489CCA3}.Debug|x86.Build.0 = Debug|Win32
		{3210C876-0D6D-4A67-B5D5-D4304489CCA3}.Release|Any CPU.ActiveCfg = Release|Win32
		{3210C876-0D6D-4A67-B5D5-D4304489CCA3}.Release|x64.ActiveCfg = Release|x64
		{3210C876-0D6D-4A67-B5D5-D4304489CCA3}.Release|x64.Build.0 = Release|x64
		{3210C876-0D6D-4A67-B5D5-D4304489CCA3}.Release|x86.ActiveCfg = Release|Win32
		{3210C876-0D6D-4A67-B5D5-D4304489CCA3}.Release|x86.Build.0 = Release|Win32
		{7F8BFB29-8CC4-4637-A360-BF8F930047C2}.Debug|Any CPU.ActiveCfg = Debug|Any CPU
		{7F8BFB29-8CC4-4637-A360-BF8F930047C2}.Debug|Any CPU.Build.0 = Debug|Any CPU
		{7F8BFB29-8CC4-4637-A360-BF8F930047C2}.Debug|x64.ActiveCfg = Debug|Any CPU
		{7F8BFB29-8CC4-4637-A360-BF8F930047C2}.Debug|x64.Build.0 = Debug|Any CPU
		{7F8BFB29-8CC4-4637-A360-BF8F930047C2}.Debug|x86.ActiveCfg = Debug|Any CPU
		{7F8BFB29-8CC4-4637-A360-BF8F930047C2}.Debug|x86.Build.0 = Debug|Any CPU
		{7F8BFB29-8CC4-4637-A360-BF8F930047C2}.Release|Any CPU.ActiveCfg = Release|Any CPU
		{7F8BFB29-8CC4-4637-A360-BF8F930047C2}.Release|Any CPU.Build.0 = Release|Any CPU
		{7F8BFB29-8CC4-4637-A360-BF8F930047C2}.Release|x64.ActiveCfg = Release|Any CPU
		{7F8BFB29-8CC4-4637-A360-BF8F930047C2}.Release|x64.Build.0 = Release|Any CPU
		{7F8BFB29-8CC4-4637-A360-BF8F930047C2}.Release|x86.ActiveCfg = Release|Any CPU
		{7F8BFB29-8CC4-4637-A360-BF8F930047C2}.Release|x86.Build.0 = Release|Any CPU
		{595E616A-F3D7-42C5-8BEE-33A3433046DA}.Debug|Any CPU.ActiveCfg = Debug|Any CPU
		{595E616A-F3D7-42C5-8BEE-33A3433046DA}.Debug|Any CPU.Build.0 = Debug|Any CPU
		{595E616A-F3D7-42C5-8BEE-33A3433046DA}.Debug|x64.ActiveCfg = Debug|Any CPU
		{595E616A-F3D7-42C5-8BEE-33A3433046DA}.Debug|x64.Build.0 = Debug|Any CPU
		{595E616A-F3D7-42C5-8BEE-33A3433046DA}.Debug|x86.ActiveCfg = Debug|Any CPU
		{595E616A-F3D7-42C5-8BEE-33A3433046DA}.Debug|x86.Build.0 = Debug|Any CPU
		{595E616A-F3D7-42C5-8BEE-33A3433046DA}.Release|Any CPU.ActiveCfg = Release|Any CPU
		{595E616A-F3D7-42C5-8BEE-33A3433046DA}.Release|Any CPU.Build.0 = Release|Any CPU
		{595E616A-F3D7-42C5-8BEE-33A3433046DA}.Release|x64.ActiveCfg = Release|Any CPU
		{595E616A-F3D7-42C5-8BEE-33A3433046DA}.Release|x64.Build.0 = Release|Any CPU
		{595E616A-F3D7-42C5-8BEE-33A3433046DA}.Release|x86.ActiveCfg = Release|Any CPU
		{595E616A-F3D7-42C5-8BEE-33A3433046DA}.Release|x86.Build.0 = Release|Any CPU
		{BFAFD120-98EF-4EBE-9B9D-D1A77CC358EC}.Debug|Any CPU.ActiveCfg = Debug|Any CPU
		{BFAFD120-98EF-4EBE-9B9D-D1A77CC358EC}.Debug|Any CPU.Build.0 = Debug|Any CPU
		{BFAFD120-98EF-4EBE-9B9D-D1A77CC358EC}.Debug|x64.ActiveCfg = Debug|Any CPU
		{BFAFD120-98EF-4EBE-9B9D-D1A77CC358EC}.Debug|x64.Build.0 = Debug|Any CPU
		{BFAFD120-98EF-4EBE-9B9D-D1A77CC358EC}.Debug|x86.ActiveCfg = Debug|Any CPU
		{BFAFD120-98EF-4EBE-9B9D-D1A77CC358EC}.Debug|x86.Build.0 = Debug|Any CPU
		{BFAFD120-98EF-4EBE-9B9D-D1A77CC358EC}.Release|Any CPU.ActiveCfg = Release|Any CPU
		{BFAFD120-98EF-4EBE-9B9D-D1A77CC358EC}.Release|Any CPU.Build.0 = Release|Any CPU
		{BFAFD120-98EF-4EBE-9B9D-D1A77CC358EC}.Release|x64.ActiveCfg = Release|Any CPU
		{BFAFD120-98EF-4EBE-9B9D-D1A77CC358EC}.Release|x64.Build.0 = Release|Any CPU
		{BFAFD120-98EF-4EBE-9B9D-D1A77CC358EC}.Release|x86.ActiveCfg = Release|Any CPU
		{BFAFD120-98EF-4EBE-9B9D-D1A77CC358EC}.Release|x86.Build.0 = Release|Any CPU
		{5E09D8F6-211F-4033-B124-9276109DD79A}.Debug|Any CPU.ActiveCfg = Debug|Win32
		{5E09D8F6-211F-4033-B124-9276109DD79A}.Debug|x64.ActiveCfg = Debug|x64
		{5E09D8F6-211F-4033-B124-9276109DD79A}.Debug|x64.Build.0 = Debug|x64
		{5E09D8F6-211F-4033-B124-9276109DD79A}.Debug|x86.ActiveCfg = Debug|Win32
		{5E09D8F6-211F-4033-B124-9276109DD79A}.Debug|x86.Build.0 = Debug|Win32
		{5E09D8F6-211F-4033-B124-9276109DD79A}.Release|Any CPU.ActiveCfg = Release|Win32
		{5E09D8F6-211F-4033-B124-9276109DD79A}.Release|x64.ActiveCfg = Release|x64
		{5E09D8F6-211F-4033-B124-9276109DD79A}.Release|x64.Build.0 = Release|x64
		{5E09D8F6-211F-4033-B124-9276109DD79A}.Release|x86.ActiveCfg = Release|Win32
		{5E09D8F6-211F-4033-B124-9276109DD79A}.Release|x86.Build.0 = Release|Win32
		{5A37BDB4-378C-49B4-8371-D0C15BC50549}.Debug|Any CPU.ActiveCfg = Debug|Win32
		{5A37BDB4-378C-49B4-8371-D0C15BC50549}.Debug|x64.ActiveCfg = Debug|x64
		{5A37BDB4-378C-49B4-8371-D0C15BC50549}.Debug|x64.Build.0 = Debug|x64
		{5A37BDB4-378C-49B4-8371-D0C15BC50549}.Debug|x86.ActiveCfg = Debug|Win32
		{5A37BDB4-378C-49B4-8371-D0C15BC50549}.Debug|x86.Build.0 = Debug|Win32
		{5A37BDB4-378C-49B4-8371-D0C15BC50549}.Release|Any CPU.ActiveCfg = Release|Win32
		{5A37BDB4-378C-49B4-8371-D0C15BC50549}.Release|x64.ActiveCfg = Release|x64
		{5A37BDB4-378C-49B4-8371-D0C15BC50549}.Release|x64.Build.0 = Release|x64
		{5A37BDB4-378C-49B4-8371-D0C15BC50549}.Release|x86.ActiveCfg = Release|Win32
		{5A37BDB4-378C-49B4-8371-D0C15BC50549}.Release|x86.Build.0 = Release|Win32
		{3636A0FC-A5CF-402A-A5F6-7B59DAA70DA6}.Debug|Any CPU.ActiveCfg = Debug|Win32
		{3636A0FC-A5CF-402A-A5F6-7B59DAA70DA6}.Debug|x64.ActiveCfg = Debug|x64
		{3636A0FC-A5CF-402A-A5F6-7B59DAA70DA6}.Debug|x64.Build.0 = Debug|x64
		{3636A0FC-A5CF-402A-A5F6-7B59DAA70DA6}.Debug|x86.ActiveCfg = Debug|Win32
		{3636A0FC-A5CF-402A-A5F6-7B59DAA70DA6}.Debug|x86.Build.0 = Debug|Win32
		{3636A0FC-A5CF-402A-A5F6-7B59DAA70DA6}.Release|Any CPU.ActiveCfg = Release|Win32
		{3636A0FC-A5CF-402A-A5F6-7B59DAA70DA6}.Release|x64.ActiveCfg = Release|x64
		{3636A0FC-A5CF-402A-A5F6-7B59DAA70DA6}.Release|x64.Build.0 = Release|x64
		{3636A0FC-A5CF-402A-A5F6-7B59DAA70DA6}.Release|x86.ActiveCfg = Release|Win32
		{3636A0FC-A5CF-402A-A5F6-7B59DAA70DA6}.Release|x86.Build.0 = Release|Win32
	EndGlobalSection
	GlobalSection(SolutionProperties) = preSolution
		HideSolutionNode = FALSE
	EndGlobalSection
EndGlobal
